// !$*UTF8*$!
{
	archiveVersion = 1;
	classes = {
	};
	objectVersion = 46;
	objects = {

/* Begin PBXBuildFile section */
		40433C3D1EE62A6F0075BF6A /* SheetAssistantTests.swift in Sources */ = {isa = PBXBuildFile; fileRef = 40433C3C1EE62A6F0075BF6A /* SheetAssistantTests.swift */; };
		4086B2601ECB349A00515D39 /* AppDelegate.swift in Sources */ = {isa = PBXBuildFile; fileRef = 4086B25F1ECB349A00515D39 /* AppDelegate.swift */; };
		4086B2651ECB349A00515D39 /* Main.storyboard in Resources */ = {isa = PBXBuildFile; fileRef = 4086B2631ECB349A00515D39 /* Main.storyboard */; };
		4086B2671ECB349A00515D39 /* Assets.xcassets in Resources */ = {isa = PBXBuildFile; fileRef = 4086B2661ECB349A00515D39 /* Assets.xcassets */; };
		4086B26A1ECB349A00515D39 /* LaunchScreen.storyboard in Resources */ = {isa = PBXBuildFile; fileRef = 4086B2681ECB349A00515D39 /* LaunchScreen.storyboard */; };
		4086B28E1ECB353A00515D39 /* TableViewController.swift in Sources */ = {isa = PBXBuildFile; fileRef = 4086B28D1ECB353A00515D39 /* TableViewController.swift */; };
		4086B2901ECB4A5A00515D39 /* AddSongViewController.swift in Sources */ = {isa = PBXBuildFile; fileRef = 4086B28F1ECB4A5A00515D39 /* AddSongViewController.swift */; };
		4086B3561ED3276000515D39 /* EditSongController.swift in Sources */ = {isa = PBXBuildFile; fileRef = 4086B3551ED3276000515D39 /* EditSongController.swift */; };
		4086B35A1ED32FFF00515D39 /* MainViewController.swift in Sources */ = {isa = PBXBuildFile; fileRef = 4086B3591ED32FFF00515D39 /* MainViewController.swift */; };
		409228D11EE625CF0068BF5C /* AppDelegate.swift in Sources */ = {isa = PBXBuildFile; fileRef = 4086B25F1ECB349A00515D39 /* AppDelegate.swift */; };
		409228D21EE625D00068BF5C /* AppDelegate.swift in Sources */ = {isa = PBXBuildFile; fileRef = 4086B25F1ECB349A00515D39 /* AppDelegate.swift */; };
		4099BD921EE6325F00E724F7 /* WebViewController.swift in Sources */ = {isa = PBXBuildFile; fileRef = 4099BD911EE6325F00E724F7 /* WebViewController.swift */; };
/* End PBXBuildFile section */

/* Begin PBXContainerItemProxy section */
		4086B2711ECB349A00515D39 /* PBXContainerItemProxy */ = {
			isa = PBXContainerItemProxy;
			containerPortal = 4086B2541ECB349A00515D39 /* Project object */;
			proxyType = 1;
			remoteGlobalIDString = 4086B25B1ECB349A00515D39;
			remoteInfo = SheetAssistant;
		};
		4086B27C1ECB349A00515D39 /* PBXContainerItemProxy */ = {
			isa = PBXContainerItemProxy;
			containerPortal = 4086B2541ECB349A00515D39 /* Project object */;
			proxyType = 1;
			remoteGlobalIDString = 4086B25B1ECB349A00515D39;
			remoteInfo = SheetAssistant;
		};
/* End PBXContainerItemProxy section */

/* Begin PBXFileReference section */
		40433C3C1EE62A6F0075BF6A /* SheetAssistantTests.swift */ = {isa = PBXFileReference; fileEncoding = 4; lastKnownFileType = sourcecode.swift; name = SheetAssistantTests.swift; path = SheetAssistantTests/SheetAssistantTests.swift; sourceTree = SOURCE_ROOT; };
		4086B25C1ECB349A00515D39 /* SheetAssistant.app */ = {isa = PBXFileReference; explicitFileType = wrapper.application; includeInIndex = 0; path = SheetAssistant.app; sourceTree = BUILT_PRODUCTS_DIR; };
		4086B25F1ECB349A00515D39 /* AppDelegate.swift */ = {isa = PBXFileReference; lastKnownFileType = sourcecode.swift; path = AppDelegate.swift; sourceTree = "<group>"; };
		4086B2641ECB349A00515D39 /* Base */ = {isa = PBXFileReference; lastKnownFileType = file.storyboard; name = Base; path = Base.lproj/Main.storyboard; sourceTree = "<group>"; };
		4086B2661ECB349A00515D39 /* Assets.xcassets */ = {isa = PBXFileReference; lastKnownFileType = folder.assetcatalog; path = Assets.xcassets; sourceTree = "<group>"; };
		4086B2691ECB349A00515D39 /* Base */ = {isa = PBXFileReference; lastKnownFileType = file.storyboard; name = Base; path = Base.lproj/LaunchScreen.storyboard; sourceTree = "<group>"; };
		4086B26B1ECB349A00515D39 /* Info.plist */ = {isa = PBXFileReference; lastKnownFileType = text.plist.xml; path = Info.plist; sourceTree = "<group>"; };
		4086B2701ECB349A00515D39 /* SheetAssistantTests.xctest */ = {isa = PBXFileReference; explicitFileType = wrapper.cfbundle; includeInIndex = 0; path = SheetAssistantTests.xctest; sourceTree = BUILT_PRODUCTS_DIR; };
		4086B27B1ECB349A00515D39 /* SheetAssistantUITests.xctest */ = {isa = PBXFileReference; explicitFileType = wrapper.cfbundle; includeInIndex = 0; path = SheetAssistantUITests.xctest; sourceTree = BUILT_PRODUCTS_DIR; };
		4086B28D1ECB353A00515D39 /* TableViewController.swift */ = {isa = PBXFileReference; fileEncoding = 4; lastKnownFileType = sourcecode.swift; path = TableViewController.swift; sourceTree = "<group>"; };
		4086B28F1ECB4A5A00515D39 /* AddSongViewController.swift */ = {isa = PBXFileReference; fileEncoding = 4; lastKnownFileType = sourcecode.swift; path = AddSongViewController.swift; sourceTree = "<group>"; };
		4086B3551ED3276000515D39 /* EditSongController.swift */ = {isa = PBXFileReference; fileEncoding = 4; lastKnownFileType = sourcecode.swift; path = EditSongController.swift; sourceTree = "<group>"; };
		4086B3591ED32FFF00515D39 /* MainViewController.swift */ = {isa = PBXFileReference; fileEncoding = 4; lastKnownFileType = sourcecode.swift; path = MainViewController.swift; sourceTree = "<group>"; };
		409228CD1EE6080F0068BF5C /* WebKit.framework */ = {isa = PBXFileReference; lastKnownFileType = wrapper.framework; name = WebKit.framework; path = System/Library/Frameworks/WebKit.framework; sourceTree = SDKROOT; };
		4099BD911EE6325F00E724F7 /* WebViewController.swift */ = {isa = PBXFileReference; fileEncoding = 4; lastKnownFileType = sourcecode.swift; name = WebViewController.swift; path = ../WebViewController.swift; sourceTree = "<group>"; };
/* End PBXFileReference section */

/* Begin PBXFrameworksBuildPhase section */
		4086B2591ECB349A00515D39 /* Frameworks */ = {
			isa = PBXFrameworksBuildPhase;
			buildActionMask = 2147483647;
			files = (
			);
			runOnlyForDeploymentPostprocessing = 0;
		};
		4086B26D1ECB349A00515D39 /* Frameworks */ = {
			isa = PBXFrameworksBuildPhase;
			buildActionMask = 2147483647;
			files = (
			);
			runOnlyForDeploymentPostprocessing = 0;
		};
		4086B2781ECB349A00515D39 /* Frameworks */ = {
			isa = PBXFrameworksBuildPhase;
			buildActionMask = 2147483647;
			files = (
			);
			runOnlyForDeploymentPostprocessing = 0;
		};
/* End PBXFrameworksBuildPhase section */

/* Begin PBXGroup section */
		4086B2531ECB349A00515D39 = {
			isa = PBXGroup;
			children = (
				4086B25E1ECB349A00515D39 /* SheetAssistant */,
				4086B25D1ECB349A00515D39 /* Products */,
				409228CC1EE6080F0068BF5C /* Frameworks */,
			);
			sourceTree = "<group>";
		};
		4086B25D1ECB349A00515D39 /* Products */ = {
			isa = PBXGroup;
			children = (
				4086B25C1ECB349A00515D39 /* SheetAssistant.app */,
				4086B2701ECB349A00515D39 /* SheetAssistantTests.xctest */,
				4086B27B1ECB349A00515D39 /* SheetAssistantUITests.xctest */,
			);
			name = Products;
			sourceTree = "<group>";
		};
		4086B25E1ECB349A00515D39 /* SheetAssistant */ = {
			isa = PBXGroup;
			children = (
				4099BD911EE6325F00E724F7 /* WebViewController.swift */,
				4086B3591ED32FFF00515D39 /* MainViewController.swift */,
				4086B28F1ECB4A5A00515D39 /* AddSongViewController.swift */,
				4086B28D1ECB353A00515D39 /* TableViewController.swift */,
				4086B2631ECB349A00515D39 /* Main.storyboard */,
				4086B3551ED3276000515D39 /* EditSongController.swift */,
				40FC0B2D1EEC71E60088D163 /* Supporting Files */,
			);
			path = SheetAssistant;
			sourceTree = "<group>";
		};
		409228CC1EE6080F0068BF5C /* Frameworks */ = {
			isa = PBXGroup;
			children = (
				409228CD1EE6080F0068BF5C /* WebKit.framework */,
			);
			name = Frameworks;
			sourceTree = "<group>";
		};
		40FC0B2D1EEC71E60088D163 /* Supporting Files */ = {
			isa = PBXGroup;
			children = (
				4086B25F1ECB349A00515D39 /* AppDelegate.swift */,
				4086B2661ECB349A00515D39 /* Assets.xcassets */,
				4086B2681ECB349A00515D39 /* LaunchScreen.storyboard */,
				4086B26B1ECB349A00515D39 /* Info.plist */,
				40433C3C1EE62A6F0075BF6A /* SheetAssistantTests.swift */,
			);
			name = "Supporting Files";
			sourceTree = "<group>";
		};
/* End PBXGroup section */

/* Begin PBXNativeTarget section */
		4086B25B1ECB349A00515D39 /* SheetAssistant */ = {
			isa = PBXNativeTarget;
			buildConfigurationList = 4086B2841ECB349A00515D39 /* Build configuration list for PBXNativeTarget "SheetAssistant" */;
			buildPhases = (
				4086B2581ECB349A00515D39 /* Sources */,
				4086B2591ECB349A00515D39 /* Frameworks */,
				4086B25A1ECB349A00515D39 /* Resources */,
			);
			buildRules = (
			);
			dependencies = (
			);
			name = SheetAssistant;
			productName = SheetAssistant;
			productReference = 4086B25C1ECB349A00515D39 /* SheetAssistant.app */;
			productType = "com.apple.product-type.application";
		};
		4086B26F1ECB349A00515D39 /* SheetAssistantTests */ = {
			isa = PBXNativeTarget;
			buildConfigurationList = 4086B2871ECB349A00515D39 /* Build configuration list for PBXNativeTarget "SheetAssistantTests" */;
			buildPhases = (
				4086B26C1ECB349A00515D39 /* Sources */,
				4086B26D1ECB349A00515D39 /* Frameworks */,
				4086B26E1ECB349A00515D39 /* Resources */,
			);
			buildRules = (
			);
			dependencies = (
				4086B2721ECB349A00515D39 /* PBXTargetDependency */,
			);
			name = SheetAssistantTests;
			productName = SheetAssistantTests;
			productReference = 4086B2701ECB349A00515D39 /* SheetAssistantTests.xctest */;
			productType = "com.apple.product-type.bundle.unit-test";
		};
		4086B27A1ECB349A00515D39 /* SheetAssistantUITests */ = {
			isa = PBXNativeTarget;
			buildConfigurationList = 4086B28A1ECB349A00515D39 /* Build configuration list for PBXNativeTarget "SheetAssistantUITests" */;
			buildPhases = (
				4086B2771ECB349A00515D39 /* Sources */,
				4086B2781ECB349A00515D39 /* Frameworks */,
				4086B2791ECB349A00515D39 /* Resources */,
			);
			buildRules = (
			);
			dependencies = (
				4086B27D1ECB349A00515D39 /* PBXTargetDependency */,
			);
			name = SheetAssistantUITests;
			productName = SheetAssistantUITests;
			productReference = 4086B27B1ECB349A00515D39 /* SheetAssistantUITests.xctest */;
			productType = "com.apple.product-type.bundle.ui-testing";
		};
/* End PBXNativeTarget section */

/* Begin PBXProject section */
		4086B2541ECB349A00515D39 /* Project object */ = {
			isa = PBXProject;
			attributes = {
				LastSwiftUpdateCheck = 0830;
				LastUpgradeCheck = 0830;
				ORGANIZATIONNAME = Ciro;
				TargetAttributes = {
					4086B25B1ECB349A00515D39 = {
						CreatedOnToolsVersion = 8.3.2;
						DevelopmentTeam = MB5R2JDT4K;
						LastSwiftMigration = 0830;
						ProvisioningStyle = Automatic;
					};
					4086B26F1ECB349A00515D39 = {
						CreatedOnToolsVersion = 8.3.2;
						LastSwiftMigration = 0830;
						ProvisioningStyle = Automatic;
						TestTargetID = 4086B25B1ECB349A00515D39;
					};
					4086B27A1ECB349A00515D39 = {
						CreatedOnToolsVersion = 8.3.2;
						LastSwiftMigration = 0830;
						ProvisioningStyle = Automatic;
						TestTargetID = 4086B25B1ECB349A00515D39;
					};
				};
			};
			buildConfigurationList = 4086B2571ECB349A00515D39 /* Build configuration list for PBXProject "SheetAssistant" */;
			compatibilityVersion = "Xcode 3.2";
			developmentRegion = English;
			hasScannedForEncodings = 0;
			knownRegions = (
				en,
				Base,
			);
			mainGroup = 4086B2531ECB349A00515D39;
			productRefGroup = 4086B25D1ECB349A00515D39 /* Products */;
			projectDirPath = "";
			projectRoot = "";
			targets = (
				4086B25B1ECB349A00515D39 /* SheetAssistant */,
				4086B26F1ECB349A00515D39 /* SheetAssistantTests */,
				4086B27A1ECB349A00515D39 /* SheetAssistantUITests */,
			);
		};
/* End PBXProject section */

/* Begin PBXResourcesBuildPhase section */
		4086B25A1ECB349A00515D39 /* Resources */ = {
			isa = PBXResourcesBuildPhase;
			buildActionMask = 2147483647;
			files = (
				4086B26A1ECB349A00515D39 /* LaunchScreen.storyboard in Resources */,
				4086B2671ECB349A00515D39 /* Assets.xcassets in Resources */,
				4086B2651ECB349A00515D39 /* Main.storyboard in Resources */,
			);
			runOnlyForDeploymentPostprocessing = 0;
		};
		4086B26E1ECB349A00515D39 /* Resources */ = {
			isa = PBXResourcesBuildPhase;
			buildActionMask = 2147483647;
			files = (
			);
			runOnlyForDeploymentPostprocessing = 0;
		};
		4086B2791ECB349A00515D39 /* Resources */ = {
			isa = PBXResourcesBuildPhase;
			buildActionMask = 2147483647;
			files = (
			);
			runOnlyForDeploymentPostprocessing = 0;
		};
/* End PBXResourcesBuildPhase section */

/* Begin PBXSourcesBuildPhase section */
		4086B2581ECB349A00515D39 /* Sources */ = {
			isa = PBXSourcesBuildPhase;
			buildActionMask = 2147483647;
			files = (
				4086B3561ED3276000515D39 /* EditSongController.swift in Sources */,
				4086B2901ECB4A5A00515D39 /* AddSongViewController.swift in Sources */,
				4086B35A1ED32FFF00515D39 /* MainViewController.swift in Sources */,
				40433C3D1EE62A6F0075BF6A /* SheetAssistantTests.swift in Sources */,
				4099BD921EE6325F00E724F7 /* WebViewController.swift in Sources */,
				4086B28E1ECB353A00515D39 /* TableViewController.swift in Sources */,
				4086B2601ECB349A00515D39 /* AppDelegate.swift in Sources */,
			);
			runOnlyForDeploymentPostprocessing = 0;
		};
		4086B26C1ECB349A00515D39 /* Sources */ = {
			isa = PBXSourcesBuildPhase;
			buildActionMask = 2147483647;
			files = (
				409228D11EE625CF0068BF5C /* AppDelegate.swift in Sources */,
			);
			runOnlyForDeploymentPostprocessing = 0;
		};
		4086B2771ECB349A00515D39 /* Sources */ = {
			isa = PBXSourcesBuildPhase;
			buildActionMask = 2147483647;
			files = (
				409228D21EE625D00068BF5C /* AppDelegate.swift in Sources */,
			);
			runOnlyForDeploymentPostprocessing = 0;
		};
/* End PBXSourcesBuildPhase section */

/* Begin PBXTargetDependency section */
		4086B2721ECB349A00515D39 /* PBXTargetDependency */ = {
			isa = PBXTargetDependency;
			target = 4086B25B1ECB349A00515D39 /* SheetAssistant */;
			targetProxy = 4086B2711ECB349A00515D39 /* PBXContainerItemProxy */;
		};
		4086B27D1ECB349A00515D39 /* PBXTargetDependency */ = {
			isa = PBXTargetDependency;
			target = 4086B25B1ECB349A00515D39 /* SheetAssistant */;
			targetProxy = 4086B27C1ECB349A00515D39 /* PBXContainerItemProxy */;
		};
/* End PBXTargetDependency section */

/* Begin PBXVariantGroup section */
		4086B2631ECB349A00515D39 /* Main.storyboard */ = {
			isa = PBXVariantGroup;
			children = (
				4086B2641ECB349A00515D39 /* Base */,
			);
			name = Main.storyboard;
			sourceTree = "<group>";
		};
		4086B2681ECB349A00515D39 /* LaunchScreen.storyboard */ = {
			isa = PBXVariantGroup;
			children = (
				4086B2691ECB349A00515D39 /* Base */,
			);
			name = LaunchScreen.storyboard;
			sourceTree = "<group>";
		};
/* End PBXVariantGroup section */

/* Begin XCBuildConfiguration section */
		4086B2821ECB349A00515D39 /* Debug */ = {
			isa = XCBuildConfiguration;
			buildSettings = {
				ALWAYS_SEARCH_USER_PATHS = NO;
				CLANG_ANALYZER_NONNULL = YES;
				CLANG_ANALYZER_NUMBER_OBJECT_CONVERSION = YES_AGGRESSIVE;
				CLANG_CXX_LANGUAGE_STANDARD = "gnu++0x";
				CLANG_CXX_LIBRARY = "libc++";
				CLANG_ENABLE_MODULES = YES;
				CLANG_ENABLE_OBJC_ARC = YES;
				CLANG_WARN_BOOL_CONVERSION = YES;
				CLANG_WARN_CONSTANT_CONVERSION = YES;
				CLANG_WARN_DIRECT_OBJC_ISA_USAGE = YES_ERROR;
				CLANG_WARN_DOCUMENTATION_COMMENTS = YES;
				CLANG_WARN_EMPTY_BODY = YES;
				CLANG_WARN_ENUM_CONVERSION = YES;
				CLANG_WARN_INFINITE_RECURSION = YES;
				CLANG_WARN_INT_CONVERSION = YES;
				CLANG_WARN_OBJC_ROOT_CLASS = YES_ERROR;
				CLANG_WARN_SUSPICIOUS_MOVE = YES;
				CLANG_WARN_UNREACHABLE_CODE = YES;
				CLANG_WARN__DUPLICATE_METHOD_MATCH = YES;
				"CODE_SIGN_IDENTITY[sdk=iphoneos*]" = "iPhone Developer";
				COPY_PHASE_STRIP = NO;
				DEBUG_INFORMATION_FORMAT = dwarf;
				ENABLE_STRICT_OBJC_MSGSEND = YES;
				ENABLE_TESTABILITY = YES;
				GCC_C_LANGUAGE_STANDARD = gnu99;
				GCC_DYNAMIC_NO_PIC = NO;
				GCC_NO_COMMON_BLOCKS = YES;
				GCC_OPTIMIZATION_LEVEL = 0;
				GCC_PREPROCESSOR_DEFINITIONS = (
					"DEBUG=1",
					"$(inherited)",
				);
				GCC_WARN_64_TO_32_BIT_CONVERSION = YES;
				GCC_WARN_ABOUT_RETURN_TYPE = YES_ERROR;
				GCC_WARN_UNDECLARED_SELECTOR = YES;
				GCC_WARN_UNINITIALIZED_AUTOS = YES_AGGRESSIVE;
				GCC_WARN_UNUSED_FUNCTION = YES;
				GCC_WARN_UNUSED_VARIABLE = YES;
				IPHONEOS_DEPLOYMENT_TARGET = 10.3;
				MTL_ENABLE_DEBUG_INFO = YES;
				ONLY_ACTIVE_ARCH = YES;
				SDKROOT = iphoneos;
				SWIFT_ACTIVE_COMPILATION_CONDITIONS = DEBUG;
				SWIFT_OPTIMIZATION_LEVEL = "-Onone";
				TARGETED_DEVICE_FAMILY = 2;
			};
			name = Debug;
		};
		4086B2831ECB349A00515D39 /* Release */ = {
			isa = XCBuildConfiguration;
			buildSettings = {
				ALWAYS_SEARCH_USER_PATHS = NO;
				CLANG_ANALYZER_NONNULL = YES;
				CLANG_ANALYZER_NUMBER_OBJECT_CONVERSION = YES_AGGRESSIVE;
				CLANG_CXX_LANGUAGE_STANDARD = "gnu++0x";
				CLANG_CXX_LIBRARY = "libc++";
				CLANG_ENABLE_MODULES = YES;
				CLANG_ENABLE_OBJC_ARC = YES;
				CLANG_WARN_BOOL_CONVERSION = YES;
				CLANG_WARN_CONSTANT_CONVERSION = YES;
				CLANG_WARN_DIRECT_OBJC_ISA_USAGE = YES_ERROR;
				CLANG_WARN_DOCUMENTATION_COMMENTS = YES;
				CLANG_WARN_EMPTY_BODY = YES;
				CLANG_WARN_ENUM_CONVERSION = YES;
				CLANG_WARN_INFINITE_RECURSION = YES;
				CLANG_WARN_INT_CONVERSION = YES;
				CLANG_WARN_OBJC_ROOT_CLASS = YES_ERROR;
				CLANG_WARN_SUSPICIOUS_MOVE = YES;
				CLANG_WARN_UNREACHABLE_CODE = YES;
				CLANG_WARN__DUPLICATE_METHOD_MATCH = YES;
				"CODE_SIGN_IDENTITY[sdk=iphoneos*]" = "iPhone Developer";
				COPY_PHASE_STRIP = NO;
				DEBUG_INFORMATION_FORMAT = "dwarf-with-dsym";
				ENABLE_NS_ASSERTIONS = NO;
				ENABLE_STRICT_OBJC_MSGSEND = YES;
				GCC_C_LANGUAGE_STANDARD = gnu99;
				GCC_NO_COMMON_BLOCKS = YES;
				GCC_WARN_64_TO_32_BIT_CONVERSION = YES;
				GCC_WARN_ABOUT_RETURN_TYPE = YES_ERROR;
				GCC_WARN_UNDECLARED_SELECTOR = YES;
				GCC_WARN_UNINITIALIZED_AUTOS = YES_AGGRESSIVE;
				GCC_WARN_UNUSED_FUNCTION = YES;
				GCC_WARN_UNUSED_VARIABLE = YES;
				IPHONEOS_DEPLOYMENT_TARGET = 10.3;
				MTL_ENABLE_DEBUG_INFO = NO;
				SDKROOT = iphoneos;
				SWIFT_OPTIMIZATION_LEVEL = "-Owholemodule";
				TARGETED_DEVICE_FAMILY = 2;
				VALIDATE_PRODUCT = YES;
			};
			name = Release;
		};
		4086B2851ECB349A00515D39 /* Debug */ = {
			isa = XCBuildConfiguration;
			buildSettings = {
				ASSETCATALOG_COMPILER_APPICON_NAME = AppIcon;
				DEVELOPMENT_TEAM = MB5R2JDT4K;
				INFOPLIST_FILE = SheetAssistant/Info.plist;
				LD_RUNPATH_SEARCH_PATHS = "$(inherited) @executable_path/Frameworks";
				PRODUCT_BUNDLE_IDENTIFIER = Ciro.SheetAssistant;
				PRODUCT_NAME = "$(TARGET_NAME)";
				SWIFT_VERSION = 3.0;
			};
			name = Debug;
		};
		4086B2861ECB349A00515D39 /* Release */ = {
			isa = XCBuildConfiguration;
			buildSettings = {
				ASSETCATALOG_COMPILER_APPICON_NAME = AppIcon;
				DEVELOPMENT_TEAM = MB5R2JDT4K;
				INFOPLIST_FILE = SheetAssistant/Info.plist;
				LD_RUNPATH_SEARCH_PATHS = "$(inherited) @executable_path/Frameworks";
				PRODUCT_BUNDLE_IDENTIFIER = Ciro.SheetAssistant;
				PRODUCT_NAME = "$(TARGET_NAME)";
				SWIFT_VERSION = 3.0;
			};
			name = Release;
		};
		4086B2881ECB349A00515D39 /* Debug */ = {
			isa = XCBuildConfiguration;
			buildSettings = {
				ALWAYS_EMBED_SWIFT_STANDARD_LIBRARIES = YES;
				BUNDLE_LOADER = "$(TEST_HOST)";
				INFOPLIST_FILE = SheetAssistantTests/Info.plist;
				LD_RUNPATH_SEARCH_PATHS = "$(inherited) @executable_path/Frameworks @loader_path/Frameworks";
				PRODUCT_BUNDLE_IDENTIFIER = Ciro.SheetAssistantTests;
				PRODUCT_NAME = "$(TARGET_NAME)";
				SWIFT_VERSION = 3.0;
				TEST_HOST = "$(BUILT_PRODUCTS_DIR)/SheetAssistant.app/SheetAssistant";
			};
			name = Debug;
		};
		4086B2891ECB349A00515D39 /* Release */ = {
			isa = XCBuildConfiguration;
			buildSettings = {
				ALWAYS_EMBED_SWIFT_STANDARD_LIBRARIES = YES;
				BUNDLE_LOADER = "$(TEST_HOST)";
				INFOPLIST_FILE = SheetAssistantTests/Info.plist;
				LD_RUNPATH_SEARCH_PATHS = "$(inherited) @executable_path/Frameworks @loader_path/Frameworks";
				PRODUCT_BUNDLE_IDENTIFIER = Ciro.SheetAssistantTests;
				PRODUCT_NAME = "$(TARGET_NAME)";
				SWIFT_VERSION = 3.0;
				TEST_HOST = "$(BUILT_PRODUCTS_DIR)/SheetAssistant.app/SheetAssistant";
			};
			name = Release;
		};
		4086B28B1ECB349A00515D39 /* Debug */ = {
			isa = XCBuildConfiguration;
			buildSettings = {
				ALWAYS_EMBED_SWIFT_STANDARD_LIBRARIES = YES;
				INFOPLIST_FILE = SheetAssistantUITests/Info.plist;
				LD_RUNPATH_SEARCH_PATHS = "$(inherited) @executable_path/Frameworks @loader_path/Frameworks";
				PRODUCT_BUNDLE_IDENTIFIER = Ciro.SheetAssistantUITests;
				PRODUCT_NAME = "$(TARGET_NAME)";
				SWIFT_VERSION = 3.0;
				TEST_TARGET_NAME = SheetAssistant;
			};
			name = Debug;
		};
		4086B28C1ECB349A00515D39 /* Release */ = {
			isa = XCBuildConfiguration;
			buildSettings = {
				ALWAYS_EMBED_SWIFT_STANDARD_LIBRARIES = YES;
				INFOPLIST_FILE = SheetAssistantUITests/Info.plist;
				LD_RUNPATH_SEARCH_PATHS = "$(inherited) @executable_path/Frameworks @loader_path/Frameworks";
				PRODUCT_BUNDLE_IDENTIFIER = Ciro.SheetAssistantUITests;
				PRODUCT_NAME = "$(TARGET_NAME)";
				SWIFT_VERSION = 3.0;
				TEST_TARGET_NAME = SheetAssistant;
			};
			name = Release;
		};
/* End XCBuildConfiguration section */

/* Begin XCConfigurationList section */
		4086B2571ECB349A00515D39 /* Build configuration list for PBXProject "SheetAssistant" */ = {
			isa = XCConfigurationList;
			buildConfigurations = (
				4086B2821ECB349A00515D39 /* Debug */,
				4086B2831ECB349A00515D39 /* Release */,
			);
			defaultConfigurationIsVisible = 0;
			defaultConfigurationName = Release;
		};
		4086B2841ECB349A00515D39 /* Build configuration list for PBXNativeTarget "SheetAssistant" */ = {
			isa = XCConfigurationList;
			buildConfigurations = (
				4086B2851ECB349A00515D39 /* Debug */,
				4086B2861ECB349A00515D39 /* Release */,
			);
			defaultConfigurationIsVisible = 0;
			defaultConfigurationName = Release;
		};
		4086B2871ECB349A00515D39 /* Build configuration list for PBXNativeTarget "SheetAssistantTests" */ = {
			isa = XCConfigurationList;
			buildConfigurations = (
				4086B2881ECB349A00515D39 /* Debug */,
				4086B2891ECB349A00515D39 /* Release */,
			);
			defaultConfigurationIsVisible = 0;
			defaultConfigurationName = Release;
		};
		4086B28A1ECB349A00515D39 /* Build configuration list for PBXNativeTarget "SheetAssistantUITests" */ = {
			isa = XCConfigurationList;
			buildConfigurations = (
				4086B28B1ECB349A00515D39 /* Debug */,
				4086B28C1ECB349A00515D39 /* Release */,
			);
			defaultConfigurationIsVisible = 0;
			defaultConfigurationName = Release;
		};
/* End XCConfigurationList section */
	};
	rootObject = 4086B2541ECB349A00515D39 /* Project object */;
}
